# THIS IS AN AUTOGENERATED FILE. DO NOT EDIT THIS FILE DIRECTLY.
# yarn lockfile v1


base64-js@1.1.2:
  version "1.1.2"
  resolved "https://registry.yarnpkg.com/base64-js/-/base64-js-1.1.2.tgz#d6400cac1c4c660976d90d07a04351d89395f5e8"

big-integer@^1.6.7:
  version "1.6.23"
  resolved "https://registry.yarnpkg.com/big-integer/-/big-integer-1.6.23.tgz#e85d508220c74e3f43a4ce72eed51f3da4db94d1"

bluebird@^3.5.0:
  version "3.5.0"
  resolved "https://registry.yarnpkg.com/bluebird/-/bluebird-3.5.0.tgz#791420d7f551eea2897453a8a77653f96606d67c"

bplist-creator@0.0.7:
  version "0.0.7"
  resolved "https://registry.yarnpkg.com/bplist-creator/-/bplist-creator-0.0.7.tgz#37df1536092824b87c42f957b01344117372ae45"
  dependencies:
    stream-buffers "~2.2.0"

bplist-parser@0.1.1:
  version "0.1.1"
  resolved "https://registry.yarnpkg.com/bplist-parser/-/bplist-parser-0.1.1.tgz#d60d5dcc20cba6dc7e1f299b35d3e1f95dafbae6"
  dependencies:
    big-integer "^1.6.7"

pegjs@^0.10.0:
  version "0.10.0"
  resolved "https://registry.yarnpkg.com/pegjs/-/pegjs-0.10.0.tgz#cf8bafae6eddff4b5a7efb185269eaaf4610ddbd"

plist@2.0.1:
  version "2.0.1"
  resolved "https://registry.yarnpkg.com/plist/-/plist-2.0.1.tgz#0a32ca9481b1c364e92e18dc55c876de9d01da8b"
  dependencies:
    base64-js "1.1.2"
    xmlbuilder "8.2.2"
    xmldom "0.1.x"

simple-plist@^0.2.1:
  version "0.2.1"
  resolved "https://registry.yarnpkg.com/simple-plist/-/simple-plist-0.2.1.tgz#71766db352326928cf3a807242ba762322636723"
  dependencies:
    bplist-creator "0.0.7"
    bplist-parser "0.1.1"
    plist "2.0.1"

stream-buffers@~2.2.0:
  version "2.2.0"
  resolved "https://registry.yarnpkg.com/stream-buffers/-/stream-buffers-2.2.0.tgz#91d5f5130d1cef96dcfa7f726945188741d09ee4"

uuid@3.0.1:
  version "3.0.1"
  resolved "https://registry.yarnpkg.com/uuid/-/uuid-3.0.1.tgz#6544bba2dfda8c1cf17e629a3a305e2bb1fee6c1"

xcode@^0.9.3:
  version "0.9.3"
  resolved "https://registry.yarnpkg.com/xcode/-/xcode-0.9.3.tgz#910a89c16aee6cc0b42ca805a6d0b4cf87211cf3"
  dependencies:
    pegjs "^0.10.0"
    simple-plist "^0.2.1"
    uuid "3.0.1"

xmlbuilder@8.2.2:
  version "8.2.2"
  resolved "https://registry.yarnpkg.com/xmlbuilder/-/xmlbuilder-8.2.2.tgz#69248673410b4ba42e1a6136551d2922335aa773"

xmldom@0.1.x:
  version "0.1.27"
  resolved "https://registry.yarnpkg.com/xmldom/-/xmldom-0.1.27.tgz#d501f97b3bdb403af8ef9ecc20573187aadac0e9"
