// !$*UTF8*$!
{
	archiveVersion = 1;
	classes = {
	};
	objectVersion = 46;
	objects = {

/* Begin PBXBuildFile section */
		13BE3DEE1AC21097009241FE /* ApplePayManager.m in Sources */ = {isa = PBXBuildFile; fileRef = 13BE3DED1AC21097009241FE /* ApplePayManager.m */; };
		AD0A351F1B41B9CC00D6F830 /* STPAPIClient+ApplePay.m in Sources */ = {isa = PBXBuildFile; fileRef = AD0A34E21B41B9CC00D6F830 /* STPAPIClient+ApplePay.m */; };
		AD0A35201B41B9CC00D6F830 /* Stripe+ApplePay.m in Sources */ = {isa = PBXBuildFile; fileRef = AD0A34E31B41B9CC00D6F830 /* Stripe+ApplePay.m */; };
		AD0A35211B41B9CC00D6F830 /* STPCheckoutInternalUIWebViewController.m in Sources */ = {isa = PBXBuildFile; fileRef = AD0A34FB1B41B9CC00D6F830 /* STPCheckoutInternalUIWebViewController.m */; };
		AD0A35221B41B9CC00D6F830 /* STPCheckoutOptions.m in Sources */ = {isa = PBXBuildFile; fileRef = AD0A34FC1B41B9CC00D6F830 /* STPCheckoutOptions.m */; };
		AD0A35231B41B9CC00D6F830 /* STPCheckoutViewController.m in Sources */ = {isa = PBXBuildFile; fileRef = AD0A34FD1B41B9CC00D6F830 /* STPCheckoutViewController.m */; };
		AD0A35241B41B9CC00D6F830 /* STPColorUtils.m in Sources */ = {isa = PBXBuildFile; fileRef = AD0A35001B41B9CC00D6F830 /* STPColorUtils.m */; };
		AD0A35251B41B9CC00D6F830 /* STPIOSCheckoutWebViewAdapter.m in Sources */ = {isa = PBXBuildFile; fileRef = AD0A35021B41B9CC00D6F830 /* STPIOSCheckoutWebViewAdapter.m */; };
		AD0A35261B41B9CC00D6F830 /* STPOSXCheckoutWebViewAdapter.m in Sources */ = {isa = PBXBuildFile; fileRef = AD0A35041B41B9CC00D6F830 /* STPOSXCheckoutWebViewAdapter.m */; };
		AD0A35271B41B9CC00D6F830 /* STPStrictURLProtocol.m in Sources */ = {isa = PBXBuildFile; fileRef = AD0A35061B41B9CC00D6F830 /* STPStrictURLProtocol.m */; };
		AD0A35281B41B9CC00D6F830 /* STPAPIClient.m in Sources */ = {isa = PBXBuildFile; fileRef = AD0A35161B41B9CC00D6F830 /* STPAPIClient.m */; };
		AD0A35291B41B9CC00D6F830 /* STPAPIConnection.m in Sources */ = {isa = PBXBuildFile; fileRef = AD0A35181B41B9CC00D6F830 /* STPAPIConnection.m */; };
		AD0A352A1B41B9CC00D6F830 /* STPBankAccount.m in Sources */ = {isa = PBXBuildFile; fileRef = AD0A35191B41B9CC00D6F830 /* STPBankAccount.m */; };
		AD0A352B1B41B9CC00D6F830 /* STPCard.m in Sources */ = {isa = PBXBuildFile; fileRef = AD0A351A1B41B9CC00D6F830 /* STPCard.m */; };
		AD0A352C1B41B9CC00D6F830 /* STPFormEncoder.m in Sources */ = {isa = PBXBuildFile; fileRef = AD0A351C1B41B9CC00D6F830 /* STPFormEncoder.m */; };
		AD0A352D1B41B9CC00D6F830 /* STPToken.m in Sources */ = {isa = PBXBuildFile; fileRef = AD0A351D1B41B9CC00D6F830 /* STPToken.m */; };
		AD0A352E1B41B9CC00D6F830 /* StripeError.m in Sources */ = {isa = PBXBuildFile; fileRef = AD0A351E1B41B9CC00D6F830 /* StripeError.m */; };
		AD0A35471B41D99700D6F830 /* StripeManager.m in Sources */ = {isa = PBXBuildFile; fileRef = AD0A35461B41D99700D6F830 /* StripeManager.m */; };
/* End PBXBuildFile section */

/* Begin PBXCopyFilesBuildPhase section */
		58B511D91A9E6C8500147676 /* CopyFiles */ = {
			isa = PBXCopyFilesBuildPhase;
			buildActionMask = 2147483647;
			dstPath = "include/$(PRODUCT_NAME)";
			dstSubfolderSpec = 16;
			files = (
			);
			runOnlyForDeploymentPostprocessing = 0;
		};
/* End PBXCopyFilesBuildPhase section */

/* Begin PBXFileReference section */
		134814201AA4EA6300B7C361 /* libApplePayManager.a */ = {isa = PBXFileReference; explicitFileType = archive.ar; includeInIndex = 0; path = libApplePayManager.a; sourceTree = BUILT_PRODUCTS_DIR; };
		13BE3DEC1AC21097009241FE /* ApplePayManager.h */ = {isa = PBXFileReference; fileEncoding = 4; lastKnownFileType = sourcecode.c.h; path = ApplePayManager.h; sourceTree = "<group>"; };
		13BE3DED1AC21097009241FE /* ApplePayManager.m */ = {isa = PBXFileReference; fileEncoding = 4; lastKnownFileType = sourcecode.c.objc; path = ApplePayManager.m; sourceTree = "<group>"; };
		AD0A34E21B41B9CC00D6F830 /* STPAPIClient+ApplePay.m */ = {isa = PBXFileReference; fileEncoding = 4; lastKnownFileType = sourcecode.c.objc; path = "STPAPIClient+ApplePay.m"; sourceTree = "<group>"; };
		AD0A34E31B41B9CC00D6F830 /* Stripe+ApplePay.m */ = {isa = PBXFileReference; fileEncoding = 4; lastKnownFileType = sourcecode.c.objc; path = "Stripe+ApplePay.m"; sourceTree = "<group>"; };
		AD0A34E51B41B9CC00D6F830 /* Project-Debug.xcconfig */ = {isa = PBXFileReference; fileEncoding = 4; lastKnownFileType = text.xcconfig; path = "Project-Debug.xcconfig"; sourceTree = "<group>"; };
		AD0A34E61B41B9CC00D6F830 /* Project-Release.xcconfig */ = {isa = PBXFileReference; fileEncoding = 4; lastKnownFileType = text.xcconfig; path = "Project-Release.xcconfig"; sourceTree = "<group>"; };
		AD0A34E71B41B9CC00D6F830 /* Project-Shared.xcconfig */ = {isa = PBXFileReference; fileEncoding = 4; lastKnownFileType = text.xcconfig; path = "Project-Shared.xcconfig"; sourceTree = "<group>"; };
		AD0A34E81B41B9CC00D6F830 /* StripeiOS Tests-Debug.xcconfig */ = {isa = PBXFileReference; fileEncoding = 4; lastKnownFileType = text.xcconfig; path = "StripeiOS Tests-Debug.xcconfig"; sourceTree = "<group>"; };
		AD0A34E91B41B9CC00D6F830 /* StripeiOS Tests-Release.xcconfig */ = {isa = PBXFileReference; fileEncoding = 4; lastKnownFileType = text.xcconfig; path = "StripeiOS Tests-Release.xcconfig"; sourceTree = "<group>"; };
		AD0A34EA1B41B9CC00D6F830 /* StripeiOS Tests-Shared.xcconfig */ = {isa = PBXFileReference; fileEncoding = 4; lastKnownFileType = text.xcconfig; path = "StripeiOS Tests-Shared.xcconfig"; sourceTree = "<group>"; };
		AD0A34EB1B41B9CC00D6F830 /* StripeiOS-Debug.xcconfig */ = {isa = PBXFileReference; fileEncoding = 4; lastKnownFileType = text.xcconfig; path = "StripeiOS-Debug.xcconfig"; sourceTree = "<group>"; };
		AD0A34EC1B41B9CC00D6F830 /* StripeiOS-Release.xcconfig */ = {isa = PBXFileReference; fileEncoding = 4; lastKnownFileType = text.xcconfig; path = "StripeiOS-Release.xcconfig"; sourceTree = "<group>"; };
		AD0A34ED1B41B9CC00D6F830 /* StripeiOS-Shared.xcconfig */ = {isa = PBXFileReference; fileEncoding = 4; lastKnownFileType = text.xcconfig; path = "StripeiOS-Shared.xcconfig"; sourceTree = "<group>"; };
		AD0A34EE1B41B9CC00D6F830 /* StripeiOSStatic.xcconfig */ = {isa = PBXFileReference; fileEncoding = 4; lastKnownFileType = text.xcconfig; path = StripeiOSStatic.xcconfig; sourceTree = "<group>"; };
		AD0A34EF1B41B9CC00D6F830 /* StripeiOSStaticFramework.xcconfig */ = {isa = PBXFileReference; fileEncoding = 4; lastKnownFileType = text.xcconfig; path = StripeiOSStaticFramework.xcconfig; sourceTree = "<group>"; };
		AD0A34F01B41B9CC00D6F830 /* StripeiOSStaticFrameworkWithoutApplePay.xcconfig */ = {isa = PBXFileReference; fileEncoding = 4; lastKnownFileType = text.xcconfig; path = StripeiOSStaticFrameworkWithoutApplePay.xcconfig; sourceTree = "<group>"; };
		AD0A34F11B41B9CC00D6F830 /* StripeiOSStaticWithoutApplePay.xcconfig */ = {isa = PBXFileReference; fileEncoding = 4; lastKnownFileType = text.xcconfig; path = StripeiOSStaticWithoutApplePay.xcconfig; sourceTree = "<group>"; };
		AD0A34F21B41B9CC00D6F830 /* StripeOSX-Debug.xcconfig */ = {isa = PBXFileReference; fileEncoding = 4; lastKnownFileType = text.xcconfig; path = "StripeOSX-Debug.xcconfig"; sourceTree = "<group>"; };
		AD0A34F31B41B9CC00D6F830 /* StripeOSX-Release.xcconfig */ = {isa = PBXFileReference; fileEncoding = 4; lastKnownFileType = text.xcconfig; path = "StripeOSX-Release.xcconfig"; sourceTree = "<group>"; };
		AD0A34F41B41B9CC00D6F830 /* StripeOSX-Shared.xcconfig */ = {isa = PBXFileReference; fileEncoding = 4; lastKnownFileType = text.xcconfig; path = "StripeOSX-Shared.xcconfig"; sourceTree = "<group>"; };
		AD0A34F51B41B9CC00D6F830 /* StripeOSXTests-Debug.xcconfig */ = {isa = PBXFileReference; fileEncoding = 4; lastKnownFileType = text.xcconfig; path = "StripeOSXTests-Debug.xcconfig"; sourceTree = "<group>"; };
		AD0A34F61B41B9CC00D6F830 /* StripeOSXTests-Release.xcconfig */ = {isa = PBXFileReference; fileEncoding = 4; lastKnownFileType = text.xcconfig; path = "StripeOSXTests-Release.xcconfig"; sourceTree = "<group>"; };
		AD0A34F71B41B9CC00D6F830 /* StripeOSXTests-Shared.xcconfig */ = {isa = PBXFileReference; fileEncoding = 4; lastKnownFileType = text.xcconfig; path = "StripeOSXTests-Shared.xcconfig"; sourceTree = "<group>"; };
		AD0A34F91B41B9CC00D6F830 /* STPCheckoutDelegate.h */ = {isa = PBXFileReference; fileEncoding = 4; lastKnownFileType = sourcecode.c.h; path = STPCheckoutDelegate.h; sourceTree = "<group>"; };
		AD0A34FA1B41B9CC00D6F830 /* STPCheckoutInternalUIWebViewController.h */ = {isa = PBXFileReference; fileEncoding = 4; lastKnownFileType = sourcecode.c.h; path = STPCheckoutInternalUIWebViewController.h; sourceTree = "<group>"; };
		AD0A34FB1B41B9CC00D6F830 /* STPCheckoutInternalUIWebViewController.m */ = {isa = PBXFileReference; fileEncoding = 4; lastKnownFileType = sourcecode.c.objc; path = STPCheckoutInternalUIWebViewController.m; sourceTree = "<group>"; };
		AD0A34FC1B41B9CC00D6F830 /* STPCheckoutOptions.m */ = {isa = PBXFileReference; fileEncoding = 4; lastKnownFileType = sourcecode.c.objc; path = STPCheckoutOptions.m; sourceTree = "<group>"; };
		AD0A34FD1B41B9CC00D6F830 /* STPCheckoutViewController.m */ = {isa = PBXFileReference; fileEncoding = 4; lastKnownFileType = sourcecode.c.objc; path = STPCheckoutViewController.m; sourceTree = "<group>"; };
		AD0A34FE1B41B9CC00D6F830 /* STPCheckoutWebViewAdapter.h */ = {isa = PBXFileReference; fileEncoding = 4; lastKnownFileType = sourcecode.c.h; path = STPCheckoutWebViewAdapter.h; sourceTree = "<group>"; };
		AD0A34FF1B41B9CC00D6F830 /* STPColorUtils.h */ = {isa = PBXFileReference; fileEncoding = 4; lastKnownFileType = sourcecode.c.h; path = STPColorUtils.h; sourceTree = "<group>"; };
		AD0A35001B41B9CC00D6F830 /* STPColorUtils.m */ = {isa = PBXFileReference; fileEncoding = 4; lastKnownFileType = sourcecode.c.objc; path = STPColorUtils.m; sourceTree = "<group>"; };
		AD0A35011B41B9CC00D6F830 /* STPIOSCheckoutWebViewAdapter.h */ = {isa = PBXFileReference; fileEncoding = 4; lastKnownFileType = sourcecode.c.h; path = STPIOSCheckoutWebViewAdapter.h; sourceTree = "<group>"; };
		AD0A35021B41B9CC00D6F830 /* STPIOSCheckoutWebViewAdapter.m */ = {isa = PBXFileReference; fileEncoding = 4; lastKnownFileType = sourcecode.c.objc; path = STPIOSCheckoutWebViewAdapter.m; sourceTree = "<group>"; };
		AD0A35031B41B9CC00D6F830 /* STPOSXCheckoutWebViewAdapter.h */ = {isa = PBXFileReference; fileEncoding = 4; lastKnownFileType = sourcecode.c.h; path = STPOSXCheckoutWebViewAdapter.h; sourceTree = "<group>"; };
		AD0A35041B41B9CC00D6F830 /* STPOSXCheckoutWebViewAdapter.m */ = {isa = PBXFileReference; fileEncoding = 4; lastKnownFileType = sourcecode.c.objc; path = STPOSXCheckoutWebViewAdapter.m; sourceTree = "<group>"; };
		AD0A35051B41B9CC00D6F830 /* STPStrictURLProtocol.h */ = {isa = PBXFileReference; fileEncoding = 4; lastKnownFileType = sourcecode.c.h; path = STPStrictURLProtocol.h; sourceTree = "<group>"; };
		AD0A35061B41B9CC00D6F830 /* STPStrictURLProtocol.m */ = {isa = PBXFileReference; fileEncoding = 4; lastKnownFileType = sourcecode.c.objc; path = STPStrictURLProtocol.m; sourceTree = "<group>"; };
		AD0A35071B41B9CC00D6F830 /* Info.plist */ = {isa = PBXFileReference; fileEncoding = 4; lastKnownFileType = text.plist.xml; path = Info.plist; sourceTree = "<group>"; };
		AD0A350A1B41B9CC00D6F830 /* STPAPIClient+ApplePay.h */ = {isa = PBXFileReference; fileEncoding = 4; lastKnownFileType = sourcecode.c.h; path = "STPAPIClient+ApplePay.h"; sourceTree = "<group>"; };
		AD0A350B1B41B9CC00D6F830 /* Stripe+ApplePay.h */ = {isa = PBXFileReference; fileEncoding = 4; lastKnownFileType = sourcecode.c.h; path = "Stripe+ApplePay.h"; sourceTree = "<group>"; };
		AD0A350D1B41B9CC00D6F830 /* STPCheckoutOptions.h */ = {isa = PBXFileReference; fileEncoding = 4; lastKnownFileType = sourcecode.c.h; path = STPCheckoutOptions.h; sourceTree = "<group>"; };
		AD0A350E1B41B9CC00D6F830 /* STPCheckoutViewController.h */ = {isa = PBXFileReference; fileEncoding = 4; lastKnownFileType = sourcecode.c.h; path = STPCheckoutViewController.h; sourceTree = "<group>"; };
		AD0A350F1B41B9CC00D6F830 /* STPAPIClient.h */ = {isa = PBXFileReference; fileEncoding = 4; lastKnownFileType = sourcecode.c.h; path = STPAPIClient.h; sourceTree = "<group>"; };
		AD0A35101B41B9CC00D6F830 /* STPBankAccount.h */ = {isa = PBXFileReference; fileEncoding = 4; lastKnownFileType = sourcecode.c.h; path = STPBankAccount.h; sourceTree = "<group>"; };
		AD0A35111B41B9CC00D6F830 /* STPCard.h */ = {isa = PBXFileReference; fileEncoding = 4; lastKnownFileType = sourcecode.c.h; path = STPCard.h; sourceTree = "<group>"; };
		AD0A35121B41B9CC00D6F830 /* STPNullabilityMacros.h */ = {isa = PBXFileReference; fileEncoding = 4; lastKnownFileType = sourcecode.c.h; path = STPNullabilityMacros.h; sourceTree = "<group>"; };
		AD0A35131B41B9CC00D6F830 /* STPToken.h */ = {isa = PBXFileReference; fileEncoding = 4; lastKnownFileType = sourcecode.c.h; path = STPToken.h; sourceTree = "<group>"; };
		AD0A35141B41B9CC00D6F830 /* Stripe.h */ = {isa = PBXFileReference; fileEncoding = 4; lastKnownFileType = sourcecode.c.h; path = Stripe.h; sourceTree = "<group>"; };
		AD0A35151B41B9CC00D6F830 /* StripeError.h */ = {isa = PBXFileReference; fileEncoding = 4; lastKnownFileType = sourcecode.c.h; path = StripeError.h; sourceTree = "<group>"; };
		AD0A35161B41B9CC00D6F830 /* STPAPIClient.m */ = {isa = PBXFileReference; fileEncoding = 4; lastKnownFileType = sourcecode.c.objc; path = STPAPIClient.m; sourceTree = "<group>"; };
		AD0A35171B41B9CC00D6F830 /* STPAPIConnection.h */ = {isa = PBXFileReference; fileEncoding = 4; lastKnownFileType = sourcecode.c.h; path = STPAPIConnection.h; sourceTree = "<group>"; };
		AD0A35181B41B9CC00D6F830 /* STPAPIConnection.m */ = {isa = PBXFileReference; fileEncoding = 4; lastKnownFileType = sourcecode.c.objc; path = STPAPIConnection.m; sourceTree = "<group>"; };
		AD0A35191B41B9CC00D6F830 /* STPBankAccount.m */ = {isa = PBXFileReference; fileEncoding = 4; lastKnownFileType = sourcecode.c.objc; path = STPBankAccount.m; sourceTree = "<group>"; };
		AD0A351A1B41B9CC00D6F830 /* STPCard.m */ = {isa = PBXFileReference; fileEncoding = 4; lastKnownFileType = sourcecode.c.objc; path = STPCard.m; sourceTree = "<group>"; };
		AD0A351B1B41B9CC00D6F830 /* STPFormEncoder.h */ = {isa = PBXFileReference; fileEncoding = 4; lastKnownFileType = sourcecode.c.h; path = STPFormEncoder.h; sourceTree = "<group>"; };
		AD0A351C1B41B9CC00D6F830 /* STPFormEncoder.m */ = {isa = PBXFileReference; fileEncoding = 4; lastKnownFileType = sourcecode.c.objc; path = STPFormEncoder.m; sourceTree = "<group>"; };
		AD0A351D1B41B9CC00D6F830 /* STPToken.m */ = {isa = PBXFileReference; fileEncoding = 4; lastKnownFileType = sourcecode.c.objc; path = STPToken.m; sourceTree = "<group>"; };
		AD0A351E1B41B9CC00D6F830 /* StripeError.m */ = {isa = PBXFileReference; fileEncoding = 4; lastKnownFileType = sourcecode.c.objc; path = StripeError.m; sourceTree = "<group>"; };
		AD0A35451B41D99700D6F830 /* StripeManager.h */ = {isa = PBXFileReference; fileEncoding = 4; lastKnownFileType = sourcecode.c.h; path = StripeManager.h; sourceTree = "<group>"; };
		AD0A35461B41D99700D6F830 /* StripeManager.m */ = {isa = PBXFileReference; fileEncoding = 4; lastKnownFileType = sourcecode.c.objc; path = StripeManager.m; sourceTree = "<group>"; };
/* End PBXFileReference section */

/* Begin PBXFrameworksBuildPhase section */
		58B511D81A9E6C8500147676 /* Frameworks */ = {
			isa = PBXFrameworksBuildPhase;
			buildActionMask = 2147483647;
			files = (
			);
			runOnlyForDeploymentPostprocessing = 0;
		};
/* End PBXFrameworksBuildPhase section */

/* Begin PBXGroup section */
		134814211AA4EA7D00B7C361 /* Products */ = {
			isa = PBXGroup;
			children = (
				134814201AA4EA6300B7C361 /* libApplePayManager.a */,
			);
			name = Products;
			sourceTree = "<group>";
		};
		58B511D21A9E6C8500147676 = {
			isa = PBXGroup;
			children = (
				AD0A34DF1B41B9CC00D6F830 /* Frameworks */,
				13BE3DEC1AC21097009241FE /* ApplePayManager.h */,
				13BE3DED1AC21097009241FE /* ApplePayManager.m */,
				AD0A35451B41D99700D6F830 /* StripeManager.h */,
				AD0A35461B41D99700D6F830 /* StripeManager.m */,
				134814211AA4EA7D00B7C361 /* Products */,
			);
			sourceTree = "<group>";
		};
		AD0A34DF1B41B9CC00D6F830 /* Frameworks */ = {
			isa = PBXGroup;
			children = (
				AD0A34E01B41B9CC00D6F830 /* Stripe */,
			);
			path = Frameworks;
			sourceTree = "<group>";
		};
		AD0A34E01B41B9CC00D6F830 /* Stripe */ = {
			isa = PBXGroup;
			children = (
				AD0A34E11B41B9CC00D6F830 /* ApplePay */,
				AD0A34E41B41B9CC00D6F830 /* BuildConfigurations */,
				AD0A34F81B41B9CC00D6F830 /* Checkout */,
				AD0A35071B41B9CC00D6F830 /* Info.plist */,
				AD0A35081B41B9CC00D6F830 /* PublicHeaders */,
				AD0A35161B41B9CC00D6F830 /* STPAPIClient.m */,
				AD0A35171B41B9CC00D6F830 /* STPAPIConnection.h */,
				AD0A35181B41B9CC00D6F830 /* STPAPIConnection.m */,
				AD0A35191B41B9CC00D6F830 /* STPBankAccount.m */,
				AD0A351A1B41B9CC00D6F830 /* STPCard.m */,
				AD0A351B1B41B9CC00D6F830 /* STPFormEncoder.h */,
				AD0A351C1B41B9CC00D6F830 /* STPFormEncoder.m */,
				AD0A351D1B41B9CC00D6F830 /* STPToken.m */,
				AD0A351E1B41B9CC00D6F830 /* StripeError.m */,
			);
			path = Stripe;
			sourceTree = "<group>";
		};
		AD0A34E11B41B9CC00D6F830 /* ApplePay */ = {
			isa = PBXGroup;
			children = (
				AD0A34E21B41B9CC00D6F830 /* STPAPIClient+ApplePay.m */,
				AD0A34E31B41B9CC00D6F830 /* Stripe+ApplePay.m */,
			);
			path = ApplePay;
			sourceTree = "<group>";
		};
		AD0A34E41B41B9CC00D6F830 /* BuildConfigurations */ = {
			isa = PBXGroup;
			children = (
				AD0A34E51B41B9CC00D6F830 /* Project-Debug.xcconfig */,
				AD0A34E61B41B9CC00D6F830 /* Project-Release.xcconfig */,
				AD0A34E71B41B9CC00D6F830 /* Project-Shared.xcconfig */,
				AD0A34E81B41B9CC00D6F830 /* StripeiOS Tests-Debug.xcconfig */,
				AD0A34E91B41B9CC00D6F830 /* StripeiOS Tests-Release.xcconfig */,
				AD0A34EA1B41B9CC00D6F830 /* StripeiOS Tests-Shared.xcconfig */,
				AD0A34EB1B41B9CC00D6F830 /* StripeiOS-Debug.xcconfig */,
				AD0A34EC1B41B9CC00D6F830 /* StripeiOS-Release.xcconfig */,
				AD0A34ED1B41B9CC00D6F830 /* StripeiOS-Shared.xcconfig */,
				AD0A34EE1B41B9CC00D6F830 /* StripeiOSStatic.xcconfig */,
				AD0A34EF1B41B9CC00D6F830 /* StripeiOSStaticFramework.xcconfig */,
				AD0A34F01B41B9CC00D6F830 /* StripeiOSStaticFrameworkWithoutApplePay.xcconfig */,
				AD0A34F11B41B9CC00D6F830 /* StripeiOSStaticWithoutApplePay.xcconfig */,
				AD0A34F21B41B9CC00D6F830 /* StripeOSX-Debug.xcconfig */,
				AD0A34F31B41B9CC00D6F830 /* StripeOSX-Release.xcconfig */,
				AD0A34F41B41B9CC00D6F830 /* StripeOSX-Shared.xcconfig */,
				AD0A34F51B41B9CC00D6F830 /* StripeOSXTests-Debug.xcconfig */,
				AD0A34F61B41B9CC00D6F830 /* StripeOSXTests-Release.xcconfig */,
				AD0A34F71B41B9CC00D6F830 /* StripeOSXTests-Shared.xcconfig */,
			);
			path = BuildConfigurations;
			sourceTree = "<group>";
		};
		AD0A34F81B41B9CC00D6F830 /* Checkout */ = {
			isa = PBXGroup;
			children = (
				AD0A34F91B41B9CC00D6F830 /* STPCheckoutDelegate.h */,
				AD0A34FA1B41B9CC00D6F830 /* STPCheckoutInternalUIWebViewController.h */,
				AD0A34FB1B41B9CC00D6F830 /* STPCheckoutInternalUIWebViewController.m */,
				AD0A34FC1B41B9CC00D6F830 /* STPCheckoutOptions.m */,
				AD0A34FD1B41B9CC00D6F830 /* STPCheckoutViewController.m */,
				AD0A34FE1B41B9CC00D6F830 /* STPCheckoutWebViewAdapter.h */,
				AD0A34FF1B41B9CC00D6F830 /* STPColorUtils.h */,
				AD0A35001B41B9CC00D6F830 /* STPColorUtils.m */,
				AD0A35011B41B9CC00D6F830 /* STPIOSCheckoutWebViewAdapter.h */,
				AD0A35021B41B9CC00D6F830 /* STPIOSCheckoutWebViewAdapter.m */,
				AD0A35031B41B9CC00D6F830 /* STPOSXCheckoutWebViewAdapter.h */,
				AD0A35041B41B9CC00D6F830 /* STPOSXCheckoutWebViewAdapter.m */,
				AD0A35051B41B9CC00D6F830 /* STPStrictURLProtocol.h */,
				AD0A35061B41B9CC00D6F830 /* STPStrictURLProtocol.m */,
			);
			path = Checkout;
			sourceTree = "<group>";
		};
		AD0A35081B41B9CC00D6F830 /* PublicHeaders */ = {
			isa = PBXGroup;
			children = (
				AD0A35091B41B9CC00D6F830 /* ApplePay */,
				AD0A350C1B41B9CC00D6F830 /* Checkout */,
				AD0A350F1B41B9CC00D6F830 /* STPAPIClient.h */,
				AD0A35101B41B9CC00D6F830 /* STPBankAccount.h */,
				AD0A35111B41B9CC00D6F830 /* STPCard.h */,
				AD0A35121B41B9CC00D6F830 /* STPNullabilityMacros.h */,
				AD0A35131B41B9CC00D6F830 /* STPToken.h */,
				AD0A35141B41B9CC00D6F830 /* Stripe.h */,
				AD0A35151B41B9CC00D6F830 /* StripeError.h */,
			);
			path = PublicHeaders;
			sourceTree = "<group>";
		};
		AD0A35091B41B9CC00D6F830 /* ApplePay */ = {
			isa = PBXGroup;
			children = (
				AD0A350A1B41B9CC00D6F830 /* STPAPIClient+ApplePay.h */,
				AD0A350B1B41B9CC00D6F830 /* Stripe+ApplePay.h */,
			);
			path = ApplePay;
			sourceTree = "<group>";
		};
		AD0A350C1B41B9CC00D6F830 /* Checkout */ = {
			isa = PBXGroup;
			children = (
				AD0A350D1B41B9CC00D6F830 /* STPCheckoutOptions.h */,
				AD0A350E1B41B9CC00D6F830 /* STPCheckoutViewController.h */,
			);
			path = Checkout;
			sourceTree = "<group>";
		};
/* End PBXGroup section */

/* Begin PBXNativeTarget section */
		58B511DA1A9E6C8500147676 /* ApplePayManager */ = {
			isa = PBXNativeTarget;
			buildConfigurationList = 58B511EF1A9E6C8500147676 /* Build configuration list for PBXNativeTarget "ApplePayManager" */;
			buildPhases = (
				58B511D71A9E6C8500147676 /* Sources */,
				58B511D81A9E6C8500147676 /* Frameworks */,
				58B511D91A9E6C8500147676 /* CopyFiles */,
			);
			buildRules = (
			);
			dependencies = (
			);
			name = ApplePayManager;
			productName = RCTDataManager;
			productReference = 134814201AA4EA6300B7C361 /* libApplePayManager.a */;
			productType = "com.apple.product-type.library.static";
		};
/* End PBXNativeTarget section */

/* Begin PBXProject section */
		58B511D31A9E6C8500147676 /* Project object */ = {
			isa = PBXProject;
			attributes = {
				LastUpgradeCheck = 0610;
				ORGANIZATIONNAME = Facebook;
				TargetAttributes = {
					58B511DA1A9E6C8500147676 = {
						CreatedOnToolsVersion = 6.1.1;
					};
				};
			};
			buildConfigurationList = 58B511D61A9E6C8500147676 /* Build configuration list for PBXProject "ApplePayManager" */;
			compatibilityVersion = "Xcode 3.2";
			developmentRegion = English;
			hasScannedForEncodings = 0;
			knownRegions = (
				en,
			);
			mainGroup = 58B511D21A9E6C8500147676;
			productRefGroup = 58B511D21A9E6C8500147676;
			projectDirPath = "";
			projectRoot = "";
			targets = (
				58B511DA1A9E6C8500147676 /* ApplePayManager */,
			);
		};
/* End PBXProject section */

/* Begin PBXSourcesBuildPhase section */
		58B511D71A9E6C8500147676 /* Sources */ = {
			isa = PBXSourcesBuildPhase;
			buildActionMask = 2147483647;
			files = (
				AD0A35281B41B9CC00D6F830 /* STPAPIClient.m in Sources */,
				AD0A35211B41B9CC00D6F830 /* STPCheckoutInternalUIWebViewController.m in Sources */,
				AD0A35471B41D99700D6F830 /* StripeManager.m in Sources */,
				AD0A35201B41B9CC00D6F830 /* Stripe+ApplePay.m in Sources */,
				AD0A352E1B41B9CC00D6F830 /* StripeError.m in Sources */,
				AD0A35261B41B9CC00D6F830 /* STPOSXCheckoutWebViewAdapter.m in Sources */,
				13BE3DEE1AC21097009241FE /* ApplePayManager.m in Sources */,
				AD0A352B1B41B9CC00D6F830 /* STPCard.m in Sources */,
				AD0A35271B41B9CC00D6F830 /* STPStrictURLProtocol.m in Sources */,
				AD0A35291B41B9CC00D6F830 /* STPAPIConnection.m in Sources */,
				AD0A352A1B41B9CC00D6F830 /* STPBankAccount.m in Sources */,
				AD0A35251B41B9CC00D6F830 /* STPIOSCheckoutWebViewAdapter.m in Sources */,
				AD0A351F1B41B9CC00D6F830 /* STPAPIClient+ApplePay.m in Sources */,
				AD0A35241B41B9CC00D6F830 /* STPColorUtils.m in Sources */,
				AD0A352C1B41B9CC00D6F830 /* STPFormEncoder.m in Sources */,
				AD0A352D1B41B9CC00D6F830 /* STPToken.m in Sources */,
				AD0A35231B41B9CC00D6F830 /* STPCheckoutViewController.m in Sources */,
				AD0A35221B41B9CC00D6F830 /* STPCheckoutOptions.m in Sources */,
			);
			runOnlyForDeploymentPostprocessing = 0;
		};
/* End PBXSourcesBuildPhase section */

/* Begin XCBuildConfiguration section */
		58B511ED1A9E6C8500147676 /* Debug */ = {
			isa = XCBuildConfiguration;
			buildSettings = {
				ALWAYS_SEARCH_USER_PATHS = NO;
				CLANG_CXX_LANGUAGE_STANDARD = "gnu++0x";
				CLANG_CXX_LIBRARY = "libc++";
				CLANG_ENABLE_MODULES = YES;
				CLANG_ENABLE_OBJC_ARC = YES;
				CLANG_WARN_BOOL_CONVERSION = YES;
				CLANG_WARN_CONSTANT_CONVERSION = YES;
				CLANG_WARN_DIRECT_OBJC_ISA_USAGE = YES_ERROR;
				CLANG_WARN_EMPTY_BODY = YES;
				CLANG_WARN_ENUM_CONVERSION = YES;
				CLANG_WARN_INT_CONVERSION = YES;
				CLANG_WARN_OBJC_ROOT_CLASS = YES_ERROR;
				CLANG_WARN_UNREACHABLE_CODE = YES;
				CLANG_WARN__DUPLICATE_METHOD_MATCH = YES;
				COPY_PHASE_STRIP = NO;
				ENABLE_STRICT_OBJC_MSGSEND = YES;
				GCC_C_LANGUAGE_STANDARD = gnu99;
				GCC_DYNAMIC_NO_PIC = NO;
				GCC_OPTIMIZATION_LEVEL = 0;
				GCC_PREPROCESSOR_DEFINITIONS = (
					"DEBUG=1",
					"$(inherited)",
				);
				GCC_SYMBOLS_PRIVATE_EXTERN = NO;
				GCC_WARN_64_TO_32_BIT_CONVERSION = YES;
				GCC_WARN_ABOUT_RETURN_TYPE = YES_ERROR;
				GCC_WARN_UNDECLARED_SELECTOR = YES;
				GCC_WARN_UNINITIALIZED_AUTOS = YES_AGGRESSIVE;
				GCC_WARN_UNUSED_FUNCTION = YES;
				GCC_WARN_UNUSED_VARIABLE = YES;
				IPHONEOS_DEPLOYMENT_TARGET = 7.0;
				MTL_ENABLE_DEBUG_INFO = YES;
				ONLY_ACTIVE_ARCH = YES;
				SDKROOT = iphoneos;
			};
			name = Debug;
		};
		58B511EE1A9E6C8500147676 /* Release */ = {
			isa = XCBuildConfiguration;
			buildSettings = {
				ALWAYS_SEARCH_USER_PATHS = NO;
				CLANG_CXX_LANGUAGE_STANDARD = "gnu++0x";
				CLANG_CXX_LIBRARY = "libc++";
				CLANG_ENABLE_MODULES = YES;
				CLANG_ENABLE_OBJC_ARC = YES;
				CLANG_WARN_BOOL_CONVERSION = YES;
				CLANG_WARN_CONSTANT_CONVERSION = YES;
				CLANG_WARN_DIRECT_OBJC_ISA_USAGE = YES_ERROR;
				CLANG_WARN_EMPTY_BODY = YES;
				CLANG_WARN_ENUM_CONVERSION = YES;
				CLANG_WARN_INT_CONVERSION = YES;
				CLANG_WARN_OBJC_ROOT_CLASS = YES_ERROR;
				CLANG_WARN_UNREACHABLE_CODE = YES;
				CLANG_WARN__DUPLICATE_METHOD_MATCH = YES;
				COPY_PHASE_STRIP = YES;
				ENABLE_NS_ASSERTIONS = NO;
				ENABLE_STRICT_OBJC_MSGSEND = YES;
				GCC_C_LANGUAGE_STANDARD = gnu99;
				GCC_WARN_64_TO_32_BIT_CONVERSION = YES;
				GCC_WARN_ABOUT_RETURN_TYPE = YES_ERROR;
				GCC_WARN_UNDECLARED_SELECTOR = YES;
				GCC_WARN_UNINITIALIZED_AUTOS = YES_AGGRESSIVE;
				GCC_WARN_UNUSED_FUNCTION = YES;
				GCC_WARN_UNUSED_VARIABLE = YES;
				IPHONEOS_DEPLOYMENT_TARGET = 7.0;
				MTL_ENABLE_DEBUG_INFO = NO;
				SDKROOT = iphoneos;
				VALIDATE_PRODUCT = YES;
			};
			name = Release;
		};
		58B511F01A9E6C8500147676 /* Debug */ = {
			isa = XCBuildConfiguration;
			buildSettings = {
				HEADER_SEARCH_PATHS = (
					"$(inherited)",
					/Applications/Xcode.app/Contents/Developer/Toolchains/XcodeDefault.xctoolchain/usr/include,
					"$(SRCROOT)/../../React/**",
					"$(SRCROOT)/../../node_modules/react-native/React/**",
				);
				LIBRARY_SEARCH_PATHS = "$(inherited)";
				OTHER_LDFLAGS = "-ObjC";
				PRODUCT_NAME = ApplePayManager;
				SKIP_INSTALL = YES;
			};
			name = Debug;
		};
		58B511F11A9E6C8500147676 /* Release */ = {
			isa = XCBuildConfiguration;
			buildSettings = {
				HEADER_SEARCH_PATHS = (
					"$(inherited)",
					/Applications/Xcode.app/Contents/Developer/Toolchains/XcodeDefault.xctoolchain/usr/include,
					"$(SRCROOT)/../../React/**",
				);
				LIBRARY_SEARCH_PATHS = "$(inherited)";
				OTHER_LDFLAGS = "-ObjC";
				PRODUCT_NAME = ApplePayManager;
				SKIP_INSTALL = YES;
			};
			name = Release;
		};
/* End XCBuildConfiguration section */

/* Begin XCConfigurationList section */
		58B511D61A9E6C8500147676 /* Build configuration list for PBXProject "ApplePayManager" */ = {
			isa = XCConfigurationList;
			buildConfigurations = (
				58B511ED1A9E6C8500147676 /* Debug */,
				58B511EE1A9E6C8500147676 /* Release */,
			);
			defaultConfigurationIsVisible = 0;
			defaultConfigurationName = Release;
		};
		58B511EF1A9E6C8500147676 /* Build configuration list for PBXNativeTarget "ApplePayManager" */ = {
			isa = XCConfigurationList;
			buildConfigurations = (
				58B511F01A9E6C8500147676 /* Debug */,
				58B511F11A9E6C8500147676 /* Release */,
			);
			defaultConfigurationIsVisible = 0;
			defaultConfigurationName = Release;
		};
/* End XCConfigurationList section */
	};
	rootObject = 58B511D31A9E6C8500147676 /* Project object */;
}
