PODS:
  - AFNetworking (2.6.3):
    - AFNetworking/NSURLConnection (= 2.6.3)
    - AFNetworking/NSURLSession (= 2.6.3)
    - AFNetworking/Reachability (= 2.6.3)
    - AFNetworking/Security (= 2.6.3)
    - AFNetworking/Serialization (= 2.6.3)
    - AFNetworking/UIKit (= 2.6.3)
  - AFNetworking/NSURLConnection (2.6.3):
    - AFNetworking/Reachability
    - AFNetworking/Security
    - AFNetworking/Serialization
  - AFNetworking/NSURLSession (2.6.3):
    - AFNetworking/Reachability
    - AFNetworking/Security
    - AFNetworking/Serialization
  - AFNetworking/Reachability (2.6.3)
  - AFNetworking/Security (2.6.3)
  - AFNetworking/Serialization (2.6.3)
  - AFNetworking/UIKit (2.6.3):
    - AFNetworking/NSURLConnection
    - AFNetworking/NSURLSession
  - BraintreeDropIn (99.99.99-github-master):
    - BraintreeDropIn/DropIn (= 99.99.99-github-master)
    - BraintreeDropIn/UIKit (= 99.99.99-github-master)
  - BraintreeDropIn/DropIn (99.99.99-github-master):
    - BraintreeDropIn/UIKit
  - BraintreeDropIn/UIKit (99.99.99-github-master)
  - CardIO (5.4.1)
  - Expecta (1.0.5)
  - FLEX (2.4.0)
  - InAppSettingsKit (2.8.1)
  - iOS-Slide-Menu (1.5)
  - NSURL+QueryDictionary (1.2.0)
  - OCMock (3.4)
  - OHHTTPStubs (6.0.0):
    - OHHTTPStubs/Default (= 6.0.0)
  - OHHTTPStubs/Core (6.0.0)
  - OHHTTPStubs/Default (6.0.0):
    - OHHTTPStubs/Core
    - OHHTTPStubs/JSON
    - OHHTTPStubs/NSURLSession
    - OHHTTPStubs/OHPathHelpers
  - OHHTTPStubs/JSON (6.0.0):
    - OHHTTPStubs/Core
  - OHHTTPStubs/NSURLSession (6.0.0):
    - OHHTTPStubs/Core
  - OHHTTPStubs/OHPathHelpers (6.0.0)
  - PureLayout (3.0.2)
  - Specta (1.0.6)

DEPENDENCIES:
  - AFNetworking (~> 2.6.0)
  - BraintreeDropIn (from `BraintreeDropIn.podspec`)
  - CardIO
  - Expecta
  - FLEX
  - InAppSettingsKit
  - iOS-Slide-Menu
  - NSURL+QueryDictionary (~> 1.0)
  - OCMock
  - OHHTTPStubs
  - PureLayout
  - Specta

EXTERNAL SOURCES:
  BraintreeDropIn:
    :podspec: BraintreeDropIn.podspec

CHECKOUT OPTIONS:
  BraintreeDropIn:
    :commit: ca87c76f9ce266e93ce3c05ffca36499c17320df
    :git: https://github.com/braintree/braintree-ios-drop-in.git

SPEC CHECKSUMS:
  AFNetworking: cb8d14a848e831097108418f5d49217339d4eb60
  BraintreeDropIn: 3dd4539753a417a8325f580730d39848b758e505
  CardIO: 56983b39b62f495fc6dae9ad7cf875143df06443
  Expecta: e1c022fcd33910b6be89c291d2775b3fe27a89fe
  FLEX: bd1a39e55b56bb413b6f1b34b3c10a0dc44ef079
  InAppSettingsKit: 94d2fba3ccd700fc4e32c6d09fabcc0af2426744
  iOS-Slide-Menu: 40b0cbd8916c42afc755f0869793cd09e7a32102
  NSURL+QueryDictionary: bae616404e2adf6409d3d5c02a093cbf44c8a236
  OCMock: 35ae71d6a8fcc1b59434d561d1520b9dd4f15765
  OHHTTPStubs: 752f9b11fd810a15162d50f11c06ff94f8e012eb
  PureLayout: 4d550abe49a94f24c2808b9b95db9131685fe4cd
  Specta: f506f3a8361de16bc0dcf3b17b75e269072ba465

PODFILE CHECKSUM: 5c0f6d7472cce11fd35b3c4a01b851c0799076c5

COCOAPODS: 1.2.0
